
Microsoft Visual Studio Solution File, Format Version 12.00
# Visual Studio Version 16
VisualStudioVersion = 16.0.30804.86
MinimumVisualStudioVersion = 10.0.40219.1
Project("{FAE04EC0-301F-11D3-BF4B-00C04F79EFBC}") = "AutoLotDAL", "AutoLotDAL.csproj", "{138C0679-6749-43A5-AE3F-A9DAA3C1422B}"
EndProject
Project("{FAE04EC0-301F-11D3-BF4B-00C04F79EFBC}") = "AutoLotTestDrive", "..\AutoLotTestDrive\AutoLotTestDrive.csproj", "{EC38C751-6073-4183-B841-80313388A4BA}"
EndProject
Global
	GlobalSection(SolutionConfigurationPlatforms) = preSolution
		Debug|Any CPU = Debug|Any CPU
		Release|Any CPU = Release|Any CPU
	EndGlobalSection
	GlobalSection(ProjectConfigurationPlatforms) = postSolution
		{138C0679-6749-43A5-AE3F-A9DAA3C1422B}.Debug|Any CPU.ActiveCfg = Debug|Any CPU
		{138C0679-6749-43A5-AE3F-A9DAA3C1422B}.Debug|Any CPU.Build.0 = Debug|Any CPU
		{138C0679-6749-43A5-AE3F-A9DAA3C1422B}.Release|Any CPU.ActiveCfg = Release|Any CPU
		{138C0679-6749-43A5-AE3F-A9DAA3C1422B}.Release|Any CPU.Build.0 = Release|Any CPU
		{EC38C751-6073-4183-B841-80313388A4BA}.Debug|Any CPU.ActiveCfg = Debug|Any CPU
		{EC38C751-6073-4183-B841-80313388A4BA}.Debug|Any CPU.Build.0 = Debug|Any CPU
		{EC38C751-6073-4183-B841-80313388A4BA}.Release|Any CPU.ActiveCfg = Release|Any CPU
		{EC38C751-6073-4183-B841-80313388A4BA}.Release|Any CPU.Build.0 = Release|Any CPU
	EndGlobalSection
	GlobalSection(SolutionProperties) = preSolution
		HideSolutionNode = FALSE
	EndGlobalSection
	GlobalSection(ExtensibilityGlobals) = postSolution
		SolutionGuid = {84482494-7434-4840-9697-A5D82263F2F3}
	EndGlobalSection
EndGlobal
